{
  "name": "controle-estoque-aparelhos",
  "version": "6.7.0",
  "lockfileVersion": 3,
  "requires": true,
  "packages": {
    "": {
      "name": "controle-estoque-aparelhos",
      "version": "6.7.0",
      "devDependencies": {
        "miniflare": "^4.20260710.0",
        "wrangler": "^4.42.0"
      },
      "engines": {
        "node": ">=22"
      }
    },
    "node_modules/@cloudflare/kv-asset-handler": {
      "version": "0.5.0",
      "resolved": "https://registry.npmjs.org/@cloudflare/kv-asset-handler/-/kv-asset-handler-0.5.0.tgz",
      "integrity": "sha512-jxQYkj8dSIzc0cD6cMMNdOc1UVjqSqu8BZdor5s8cGjW2I8BjODt/kWPVdY+u9zj3ms75Q5qaZgnxUad83+eAg==",
      "dev": true,
      "license": "MIT OR Apache-2.0",
      "engines": {
        "node": ">=22.0.0"
      }
    },
    "node_modules/@cloudflare/unenv-preset": {
      "version": "2.16.1",
      "resolved": "https://registry.npmjs.org/@cloudflare/unenv-preset/-/unenv-preset-2.16.1.tgz",
      "integrity": "sha512-ECxObrMfyTl5bhQf/lZCXwo5G6xX9IAUo+nDMKK4SZ8m4Jvvxp52vilxyySSWh2YTZz8+HQ07qGH/2rEom1vDw==",
      "dev": true,
      "license": "MIT OR Apache-2.0",
      "peerDependencies": {
        "unenv": "2.0.0-rc.24",
        "workerd": ">1.20260305.0 <2.0.0-0"
      },
      "peerDependenciesMeta": {
        "workerd": {
          "optional": true
        }
      }
    },
    "node_modules/@cloudflare/workerd-darwin-64": {
      "version": "1.20260710.1",
      "resolved": "https://registry.npmjs.org/@cloudflare/workerd-darwin-64/-/workerd-darwin-64-1.20260710.1.tgz",
      "integrity": "sha512-OqJl2eWF5+y9jarMm3YqqCTUe7Hd4ihogX5jyRU8iaAgOVyDr/Bk6aXpPCVUi1/MHzO93a18R/TmSTtzmB0sQw==",
      "cpu": [
        "x64"
      ],
      "dev": true,
      "license": "Apache-2.0",
      "optional": true,
      "os": [
        "darwin"
      ],
      "engines": {
        "node": ">=16"
      }
    },
    "node_modules/@cloudflare/workerd-darwin-arm64": {
      "version": "1.20260710.1",
      "resolved": "https://registry.npmjs.org/@cloudflare/workerd-darwin-arm64/-/workerd-darwin-arm64-1.20260710.1.tgz",
      "integrity": "sha512-MYBqWgUblO+VlGvO73zYsH3hB9tdRj+yLyt5IHDFWryipb2l1efmNiWtAOkIhSRfypqLYGFrfpaDm2Hg00XVKw==",
      "cpu": [
        "arm64"
      ],
      "dev": true,
      "license": "Apache-2.0",
      "optional": true,
      "os": [
        "darwin"
      ],
      "engines": {
        "node": ">=16"
      }
    },
    "node_modules/@cloudflare/workerd-linux-64": {
      "version": "1.20260710.1",
      "resolved": "https://registry.npmjs.org/@cloudflare/workerd-linux-64/-/workerd-linux-64-1.20260710.1.tgz",
      "integrity": "sha512-lVWUgqI8qrkqvaCBGElu1kdaUFdAvaS2RD8K4qkCFP9hI3f5TCXumEs5qWSeZkvKum0+X/uJZ5hBFWsYI5SmoQ==",
      "cpu": [
        "x64"
      ],
      "dev": true,
      "license": "Apache-2.0",
      "optional": true,
      "os": [
        "linux"
      ],
      "engines": {
        "node": ">=16"
      }
    },
    "node_modules/@cloudflare/workerd-linux-arm64": {
      "version": "1.20260710.1",
      "resolved": "https://registry.npmjs.org/@cloudflare/workerd-linux-arm64/-/workerd-linux-arm64-1.20260710.1.tgz",
      "integrity": "sha512-kDwDPItBjAI4JL0df9Fma2N+Qggbm77IB/DnroAkEGQ79fpR80sYMyuB/ZQKyjEk9f48Ocq7HCCLq59qVSyNqA==",
      "cpu": [
        "arm64"
      ],
      "dev": true,
      "license": "Apache-2.0",
      "optional": true,
      "os": [
        "linux"
      ],
      "engines": {
        "node": ">=16"
      }
    },
    "node_modules/@cloudflare/workerd-windows-64": {
      "version": "1.20260710.1",
      "resolved": "https://registry.npmjs.org/@cloudflare/workerd-windows-64/-/workerd-windows-64-1.20260710.1.tgz",
      "integrity": "sha512-GcLHy1oN1dfK6g1Z7UDV9f5xMGyTfPwcjWQ0sfWKH31IsoEVCRapnj3IC0PoIrDbnoo6irGPP0CwVs3WzdTajw==",
      "cpu": [
        "x64"
      ],
      "dev": true,
      "license": "Apache-2.0",
      "optional": true,
      "os": [
        "win32"
      ],
      "engines": {
        "node": ">=16"
      }
    },
    "node_modules/@cspotcode/source-map-support": {
      "version": "0.8.1",
      "resolved": "https://registry.npmjs.org/@cspotcode/source-map-support/-/source-map-support-0.8.1.tgz",
      "integrity": "sha512-IchNf6dN4tHoMFIn/7OE8LWZ19Y6q/67Bmf6vnGREv8RSbBVb9LPJxEcnwrcwX6ixSvaiGoomAUvu4YSxXrVgw==",
      "dev": true,
      "license": "MIT",
      "dependencies": {
        "@jridgewell/trace-mapping": "0.3.9"
      },
      "engines": {
        "node": ">=12"
      }
    },
    "node_modules/@emnapi/runtime": {
      "version": "1.11.2",
      "resolved": "https://registry.npmjs.org/@emnapi/runtime/-/runtime-1.11.2.tgz",
      "integrity": "sha512-kyOl3X0DuTiT1h2ft8r2fYO8JYtU9a9Xis/zBSiGArNaagCOWx90N1k2wxp18czFDH+OgcWGb5ZP/XMt3dcyPA==",
      "dev": true,
      "license": "MIT",
      "optional": true,
      "dependencies": {
        "tslib": "^2.4.0"
      }
    },
    "node_modules/@esbuild/aix-ppc64": {
      "version": "0.28.1",
      "resolved": "https://registry.npmjs.org/@esbuild/aix-ppc64/-/aix-ppc64-0.28.1.tgz",
      "integrity": "sha512-Svl7tq8k/08+p6CXPpRjQ1fKX+1odH/BQbb48fV6fj3CWHhsoIOoY87w1oHXm0qEpkIK3ZfVgp0hed3XBXzXMQ==",
      "cpu": [
        "ppc64"
      ],
      "dev": true,
      "license": "MIT",
      "optional": true,
      "os": [
        "aix"
      ],
      "engines": {
        "node": ">=18"
      }
    },
    "node_modules/@esbuild/android-arm": {
      "version": "0.28.1",
      "resolved": "https://registry.npmjs.org/@esbuild/android-arm/-/android-arm-0.28.1.tgz",
      "integrity": "sha512-0k2F129Xdio1TdJfzJ8sy1Q47vUD2NnwdhiAf7drUN1EBTfPf4hsFCtmMgu/6m8JSzsBrlmVjudMBQqOfG8usQ==",
      "cpu": [
        "arm"
      ],
      "dev": true,
      "license": "MIT",
      "optional": true,
      "os": [
        "android"
      ],
      "engines": {
        "node": ">=18"
      }
    },
    "node_modules/@esbuild/android-arm64": {
      "version": "0.28.1",
      "resolved": "https://registry.npmjs.org/@esbuild/android-arm64/-/android-arm64-0.28.1.tgz",
      "integrity": "sha512-34EGEbCIAgosYz6goLcopX6Mo7NyGv9tfwEM2/7Ce2VcVRk568iSvniGWcUXIy7wEDR1wzolcxcriFVrWYcwBg==",
      "cpu": [
        "arm64"
      ],
      "dev": true,
      "license": "MIT",
      "optional": true,
      "os": [
        "android"
      ],
      "engines": {
        "node": ">=18"
      }
    },
    "node_modules/@esbuild/android-x64": {
      "version": "0.28.1",
      "resolved": "https://registry.npmjs.org/@esbuild/android-x64/-/android-x64-0.28.1.tgz",
      "integrity": "sha512-dbwY7ltSMDWsRatcRpCnES4F+im88OCUgGZjy52shC7GqHRE/cYlxNbB4Z4UpJswpcc4Qxd2oE/ufM0p61IKng==",
      "cpu": [
        "x64"
      ],
      "dev": true,
      "license": "MIT",
      "optional": true,
      "os": [
        "android"
      ],
      "engines": {
        "node": ">=18"
      }
    },
    "node_modules/@esbuild/darwin-arm64": {
      "version": "0.28.1",
      "resolved": "https://registry.npmjs.org/@esbuild/darwin-arm64/-/darwin-arm64-0.28.1.tgz",
      "integrity": "sha512-TZbWkQY7kvTAXbXUT7uVACR5cMHsDiSz9z7ZKAX/RTq/WJEk3QyRr0wZpNhBDX+/0CtdqUIJlOiodQcta6tY3Q==",
      "cpu": [
        "arm64"
      ],
      "dev": true,
      "license": "MIT",
      "optional": true,
      "os": [
        "darwin"
      ],
      "engines": {
        "node": ">=18"
      }
    },
    "node_modules/@esbuild/darwin-x64": {
      "version": "0.28.1",
      "resolved": "https://registry.npmjs.org/@esbuild/darwin-x64/-/darwin-x64-0.28.1.tgz",
      "integrity": "sha512-zfdzgK9ACBNZLI/CyHTOx81SyNbM6YXn7rxSgX97VjyiPl9W1i4Ka4fgKECEoFCKGpvBj5qArWIGgQjOwkgskQ==",
      "cpu": [
        "x64"
      ],
      "dev": true,
      "license": "MIT",
      "optional": true,
      "os": [
        "darwin"
      ],
      "engines": {
        "node": ">=18"
      }
    },
    "node_modules/@esbuild/freebsd-arm64": {
      "version": "0.28.1",
      "resolved": "https://registry.npmjs.org/@esbuild/freebsd-arm64/-/freebsd-arm64-0.28.1.tgz",
      "integrity": "sha512-wG2EA8ENdEI0qhkSZMjfqrdY+ziCYCPMmtZjjIwOmXFjmyzEHn+UUxk5of+SYsjtfs3VpnlC7QLzSI5hY/rOAw==",
      "cpu": [
        "arm64"
      ],
      "dev": true,
      "license": "MIT",
      "optional": true,
      "os": [
        "freebsd"
      ],
      "engines": {
        "node": ">=18"
      }
    },
    "node_modules/@esbuild/freebsd-x64": {
      "version": "0.28.1",
      "resolved": "https://registry.npmjs.org/@esbuild/freebsd-x64/-/freebsd-x64-0.28.1.tgz",
      "integrity": "sha512-i7dZ9vQgnvSCzi/rYCXNgtF/U+eKZNJBzu3eTQbRgHnM7tNSizLOkRFAl3qzVc/Op/u5YkHHa4pf/3DOYHthLQ==",
      "cpu": [
        "x64"
      ],
      "dev": true,
      "license": "MIT",
      "optional": true,
      "os": [
        "freebsd"
      ],
      "engines": {
        "node": ">=18"
      }
    },
    "node_modules/@esbuild/linux-arm": {
      "version": "0.28.1",
      "resolved": "https://registry.npmjs.org/@esbuild/linux-arm/-/linux-arm-0.28.1.tgz",
      "integrity": "sha512-qVXBOHQS+d5Y722GwJzJUtOLlX7km3CraOaGormF1pDtPd2C/l1SHRPgjLunLGe51Sh5YYWKMFDyV4SxgMQYTQ==",
      "cpu": [
        "arm"
      ],
      "dev": true,
      "license": "MIT",
      "optional": true,
      "os": [
        "linux"
      ],
      "engines": {
        "node": ">=18"
      }
    },
    "node_modules/@esbuild/linux-arm64": {
      "version": "0.28.1",
      "resolved": "https://registry.npmjs.org/@esbuild/linux-arm64/-/linux-arm64-0.28.1.tgz",
      "integrity": "sha512-yHs+0uc8+nvEAfAfxrWQKK5peSNzBc4PegcMO0EJ2hT71uA7vB8Ihg2e77R2P7SG5uYjPbHlLLmve4LLLRCf0g==",
      "cpu": [
        "arm64"
      ],
      "dev": true,
      "license": "MIT",
      "optional": true,
      "os": [
        "linux"
      ],
      "engines": {
        "node": ">=18"
      }
    },
    "node_modules/@esbuild/linux-ia32": {
      "version": "0.28.1",
      "resolved": "https://registry.npmjs.org/@esbuild/linux-ia32/-/linux-ia32-0.28.1.tgz",
      "integrity": "sha512-d1z4ZuP0ajrfz/FhGT4vv278rX8KnPPJx8i5+AtK7TYbx9Le9F1hyzurZpkEyjkGa9dUGhQow4C1NmeGvqxN2w==",
      "cpu": [
        "ia32"
      ],
      "dev": true,
      "license": "MIT",
      "optional": true,
      "os": [
        "linux"
      ],
      "engines": {
        "node": ">=18"
      }
    },
    "node_modules/@esbuild/linux-loong64": {
      "version": "0.28.1",
      "resolved": "https://registry.npmjs.org/@esbuild/linux-loong64/-/linux-loong64-0.28.1.tgz",
      "integrity": "sha512-M5sRjUVZrkm1OAPR3dlOYzNmN+loZKGVi1VUQGrwuqLcbR6qeAz+famMhjASeH3YVKvZz+zT1jlh/keC3Rj/lg==",
      "cpu": [
        "loong64"
      ],
      "dev": true,
      "license": "MIT",
      "optional": true,
      "os": [
        "linux"
      ],
      "engines": {
        "node": ">=18"
      }
    },
    "node_modules/@esbuild/linux-mips64el": {
      "version": "0.28.1",
      "resolved": "https://registry.npmjs.org/@esbuild/linux-mips64el/-/linux-mips64el-0.28.1.tgz",
      "integrity": "sha512-mRObBZeHh2OxcBFPWE/FjylkRgZdYuiTR3vaTozquCGOH14iP9oN4x4Ge81CoIDYQrXmIxpFumJBu5MtZpnQJQ==",
      "cpu": [
        "mips64el"
      ],
      "dev": true,
      "license": "MIT",
      "optional": true,
      "os": [
        "linux"
      ],
      "engines": {
        "node": ">=18"
      }
    },
    "node_modules/@esbuild/linux-ppc64": {
      "version": "0.28.1",
      "resolved": "https://registry.npmjs.org/@esbuild/linux-ppc64/-/linux-ppc64-0.28.1.tgz",
      "integrity": "sha512-slScBsMAb3GFDcdrCgLwZtPYRoH2H/youv10QiZyRjmsP48fznoveWytSgCI/R0ZcUgpc0ZhIUEx6LHts8yrfQ==",
      "cpu": [
        "ppc64"
      ],
      "dev": true,
      "license": "MIT",
      "optional": true,
      "os": [
        "linux"
      ],
      "engines": {
        "node": ">=18"
      }
    },
    "node_modules/@esbuild/linux-riscv64": {
      "version": "0.28.1",
      "resolved": "https://registry.npmjs.org/@esbuild/linux-riscv64/-/linux-riscv64-0.28.1.tgz",
      "integrity": "sha512-kw0owk1o0GFETUJyW0jc0G4Yzs0BHZn0JDZ8JRT088vjJYX777BAs1fDGxAC+q831qOs2DTC96mNsG2opdfyyQ==",
      "cpu": [
        "riscv64"
      ],
      "dev": true,
      "license": "MIT",
      "optional": true,
      "os": [
        "linux"
      ],
      "engines": {
        "node": ">=18"
      }
    },
    "node_modules/@esbuild/linux-s390x": {
      "version": "0.28.1",
      "resolved": "https://registry.npmjs.org/@esbuild/linux-s390x/-/linux-s390x-0.28.1.tgz",
      "integrity": "sha512-/lAIjX8aYFRByhh6L5rYtPEDRqa9de/4V/juOXcta5frjvzXO4/sqEtyytse0g3zZFuWu5cDN0MkLz2qRDD2Ag==",
      "cpu": [
        "s390x"
      ],
      "dev": true,
      "license": "MIT",
      "optional": true,
      "os": [
        "linux"
      ],
      "engines": {
        "node": ">=18"
      }
    },
    "node_modules/@esbuild/linux-x64": {
      "version": "0.28.1",
      "resolved": "https://registry.npmjs.org/@esbuild/linux-x64/-/linux-x64-0.28.1.tgz",
      "integrity": "sha512-u/anNYF2mmVOEDwLtnQ1wOr3EZ9sTNGLWrsYGYwHWzGA3Si84IOkHXlbWTD1NB+9/1lcnweYKO54uhxZydNzfA==",
      "cpu": [
        "x64"
      ],
      "dev": true,
      "license": "MIT",
      "optional": true,
      "os": [
        "linux"
      ],
      "engines": {
        "node": ">=18"
      }
    },
    "node_modules/@esbuild/netbsd-arm64": {
      "version": "0.28.1",
      "resolved": "https://registry.npmjs.org/@esbuild/netbsd-arm64/-/netbsd-arm64-0.28.1.tgz",
      "integrity": "sha512-oks0DYbLwWMmaakTsCb+zL4E+aHRVLom9IJZOAthMQEPiQmydXHkziYEsGYRx0uNV/IjEKGAV941JzH02pflqw==",
      "cpu": [
        "arm64"
      ],
      "dev": true,
      "license": "MIT",
      "optional": true,
      "os": [
        "netbsd"
      ],
      "engines": {
        "node": ">=18"
      }
    },
    "node_modules/@esbuild/netbsd-x64": {
      "version": "0.28.1",
      "resolved": "https://registry.npmjs.org/@esbuild/netbsd-x64/-/netbsd-x64-0.28.1.tgz",
      "integrity": "sha512-aeL6lAnN89Hz43Mlh1G8ARasbuoYvSITDEx0tHh5b7jJnHcssqgjy9Yx430GDpmCa6OyrKoS0aNRjKundRizGg==",
      "cpu": [
        "x64"
      ],
      "dev": true,
      "license": "MIT",
      "optional": true,
      "os": [
        "netbsd"
      ],
      "engines": {
        "node": ">=18"
      }
    },
    "node_modules/@esbuild/openbsd-arm64": {
      "version": "0.28.1",
      "resolved": "https://registry.npmjs.org/@esbuild/openbsd-arm64/-/openbsd-arm64-0.28.1.tgz",
      "integrity": "sha512-MEFJe5C3R8pwXdZ5Y21oo6m7ePiS0d9pWucn99O/wvyJZChoIQKrQDxKrGeW8F5+T0okTHesAmDeiHDTIq0V/Q==",
      "cpu": [
        "arm64"
      ],
      "dev": true,
      "license": "MIT",
      "optional": true,
      "os": [
        "openbsd"
      ],
      "engines": {
        "node": ">=18"
      }
    },
    "node_modules/@esbuild/openbsd-x64": {
      "version": "0.28.1",
      "resolved": "https://registry.npmjs.org/@esbuild/openbsd-x64/-/openbsd-x64-0.28.1.tgz",
      "integrity": "sha512-i/ZLIOafE0Z8cI/XANJAixoJL/uRAoS2xOA3rb0xN+KK0K177cMAsQYkzHtBrtMXAKuAc7HGgcWiZ/sRC1Nxgw==",
      "cpu": [
        "x64"
      ],
      "dev": true,
      "license": "MIT",
      "optional": true,
     ëmu¶‰žËkºwµçMeDäÌÄÁÉÅáÕ•]‰°­]Õ%U%…¥U…¨Ý]=ÄÕ™Y¡±©9YI™=U¡då™äÉéQÙ™½Å]Í¹•‰ áM°ÜÁYM‰%Ù)¹1-Á=œôôˆ°(€€€€€€‰‘•ØˆèÑÉÕ”°(€€€€€€‰±¥•¹Í”ˆè€‰5%Pˆ(€€€ô°(€€€€‰¹½‘•}µ½‘Õ±•Ì½©É¥‘•Ý•±°½ÑÉ…”µµ…ÁÁ¥¹œˆèì(€€€€€€‰Ù•ÉÍ¥½¸ˆè€ˆÀ¸Ì¸äˆ°(€€€€€€‰É•Í½±Ù•ˆè€‰¡ÑÑÁÌè¼½É•¥ÍÑÉä¹¹Áµ©Ì¹½Éœ½©É¥‘•Ý•±°½ÑÉ…”µµ…ÁÁ¥¹œ¼´½ÑÉ…”µµ…ÁÁ¥¹œ´À¸Ì¸ä¹Ñèˆ°(€€€€€€‰¥¹Ñ•É¥Ñäˆè€‰Í¡„ÔÄÈ´Í	•±ÐÙÑ‘Œá‰AÑ‰µ‘Ñ9)±¥ÉY½QµˆÕ”ÉäÑA¹­Ý\å©$Ù!U•½àÕÑ©]@Õ]ÅÕÅ™…Ù½5Ñ5Ý¥Ñ@äÈÙi--ÕDôôˆ°(€€€€€€‰‘•ØˆèÑÉÕ”°(€€€€€€‰±¥•¹Í”ˆè€‰5%Pˆ°(€€€€€€‰‘•Á•¹‘•¹¥•Ìˆèì(€€€€€€€€‰©É¥‘•Ý•±°½É•Í½±Ù”µÕÉ¤ˆè€‰xÌ¸À¸Ìˆ°(€€€€€€€€‰©É¥‘•Ý•±°½Í½ÕÉ•µ…Àµ½‘•Œˆè€‰xÄ¸Ð¸ÄÀˆ(€€€€€ô(€€€ô°(€€€€‰¹½‘•}µ½‘Õ±•Ì½Á½ÁÁ¥¹ÍÌ½½±½ÉÌˆèì(€€€€€€‰Ù•ÉÍ¥½¸ˆè€ˆÐ¸Ä¸Øˆ°(€€€€€€‰É•Í½±Ù•ˆè€‰¡ÑÑÁÌè¼½É•¥ÍÑÉä¹¹Áµ©Ì¹½Éœ½Á½ÁÁ¥¹ÍÌ½½±½ÉÌ¼´½½±½ÉÌ´Ð¸Ä¸Ø¹Ñèˆ°(€€€€€€‰¥¹Ñ•É¥Ñäˆè€‰Í¡„ÔÄÈµ åá­%‘ÍÝ‰Lá¸ÅÙÙµIà­ŒÄÁÐÉE”­Éi%Q‰‰!!­E¥á Ô¬ÉàÅµ¤¼Á,­]]¥ÅE-AM±%eÝ©± Ù-Á™¸Ù±•œôôˆ°(€€€€€€‰‘•ØˆèÑÉÕ”°(€€€€€€‰±¥•¹Í”ˆè€‰5%Pˆ°(€€€€€€‰‘•Á•¹‘•¹¥•Ìˆèì(€€€€€€€€‰­±•ÕÈˆè€‰xÐ¸Ä¸Ôˆ(€€€€€ô(€€€ô°(€€€€‰¹½‘•}µ½‘Õ±•Ì½Á½ÁÁ¥¹ÍÌ½‘ÕµÁ•Èˆèì(€€€€€€‰Ù•ÉÍ¥½¸ˆè€ˆÀ¸Ø¸Ôˆ°(€€€€€€‰É•Í½±Ù•ˆè€‰¡ÑÑÁÌè¼½É•¥ÍÑÉä¹¹Áµ©Ì¹½Éœ½Á½ÁÁ¥¹ÍÌ½‘ÕµÁ•È¼´½‘ÕµÁ•È´À¸Ø¸Ô¹Ñèˆ°(€€€€€€‰¥¹Ñ•É¥Ñäˆè€‰Í¡„ÔÄÈµ9	‘e%ˆäÁ(Ý1™=$ÌÉ‘=•Ý-$ÅÈÝÝ¹­¥ Ù´äÈÁÁÕDÍÅ!U•i­á9­E¥¹aY]½ÙeÑMØÙE=¥AA˜ÝåÌÙ¤­!]]•èÝÍÜôôˆ°(€€€€€€‰‘•ØˆèÑÉÕ”°(€€€€€€‰±¥•¹Í”ˆè€‰5%Pˆ°(€€€€€€‰‘•Á•¹‘•¹¥•Ìˆèì(€€€€€€€€‰Á½ÁÁ¥¹ÍÌ½½±½ÉÌˆè€‰xÐ¸Ä¸Ôˆ°(€€€€€€€€‰Í¥¹‘É•Í½É¡ÕÌ½¥Ìˆè€‰xÜ¸À¸Èˆ°(€€€€€€€€‰ÍÕÁÁ½ÉÑÌµ½±½Èˆè€‰xÄÀ¸À¸Àˆ(€€€€€ô(€€€ô°(€€€€‰¹½‘•}µ½‘Õ±•Ì½Á½ÁÁ¥¹ÍÌ½•á•ÁÑ¥½¸ˆèì(€€€€€€‰Ù•ÉÍ¥½¸ˆè€ˆÄ¸È¸Ìˆ°(€€€€€€‰É•Í½±Ù•ˆè€‰¡ÑÑÁÌè¼½É•¥ÍÑÉä¹¹Áµ©Ì¹½Éœ½Á½ÁÁ¥¹ÍÌ½•á•ÁÑ¥½¸¼´½•á•ÁÑ¥½¸´Ä¸È¸Ì¹Ñèˆ°(€€€€€€‰¥¹Ñ•É¥Ñäˆè€‰Í¡„ÔÄÈµ‘­EI¡QY…Ñå¥‰Ñ½…áŒ­]­‘é=M©eQ-¤¼­Õ…!]%Í™½‘Y™ÁÍÕ•¼Ì­-ÁTÕAàáÅa©µa­MÙ¡aÙMèÍ™¹@å±Üôôˆ°(€€€€€€‰‘•ØˆèÑÉÕ”°(€€€€€€‰±¥•¹Í”ˆè€‰5%Pˆ(€€€ô°(€€€€‰¹½‘•}µ½‘Õ±•Ì½Í¥¹‘É•Í½É¡ÕÌ½¥Ìˆèì(€€€€€€‰Ù•ÉÍ¥½¸ˆè€ˆÜ¸È¸Àˆ°(€€€€€€‰É•Í½±Ù•ˆè€‰¡ÑÑÁÌè¼½É•¥ÍÑÉä¹¹Áµ©Ì¹½Éœ½Í¥¹‘É•Í½É¡ÕÌ½¥Ì¼´½¥Ì´Ü¸È¸À¹Ñèˆ°(€€€€€€‰¥¹Ñ•É¥Ñäˆè€‰Í¡„ÔÄÈµ@ÅèÅ‘]…™HÑ%H­TÄÍµÅÅ¥Í1˜Å-‰…åå‰]Ý‘ÉÙ™Ñ‘XÙ¡ÁU­dÁ¹-=11Q5M½I½©)9©Ñ‰Åé˜ÄÍ,áaEÜôôˆ°(€€€€€€‰‘•ØˆèÑÉÕ”°(€€€€€€‰±¥•¹Í”ˆè€‰5%Pˆ°(€€€€€€‰•¹¥¹•Ìˆèì(€€€€€€€€‰¹½‘”ˆè€ˆøôÄàˆ(€€€€€ô°(€€€€€€‰™Õ¹‘¥¹œˆèì(€€€€€€€€‰ÕÉ°ˆè€‰¡ÑÑÁÌè¼½¥Ñ¡Õˆ¹½´½Í¥¹‘É•Í½É¡ÕÌ½¥ÌýÍÁ½¹Í½ÈôÄˆ(€€€€€ô(€€€ô°(€€€€‰¹½‘•}µ½‘Õ±•Ì½ÍÁ••µ¡¥¡±¥¡Ð½½É”ˆèì(€€€€€€‰Ù•ÉÍ¥½¸ˆè€ˆÄ¸È¸ÄÜˆ°(€€€€€€‰É•Í½±Ù•ˆè€‰¡ÑÑÁÌè¼½É•¥ÍÑÉä¹¹Áµ©Ì¹½Éœ½ÍÁ••µ¡¥¡±¥¡Ð½½É”¼´½½É”´Ä¸È¸ÄÜ¹Ñèˆ°(€€€€€€‰¥¹Ñ•É¥Ñäˆè€‰Í¡„ÔÄÈµhäÉÝ-ÁÑ™…\ÅXÁ©QT½™ ÍEéei8áÝÝÉéI%	½)™¸Ñµ)9)8½a•¥™`Ý	ÉDà½ åa ½)¹‰å5¡0ÁÅaÉ­œôôˆ°(€€€€€€‰‘•ØˆèÑÉÕ”°(€€€€€€‰±¥•¹Í”ˆè€‰À´Ä¸Àˆ(€€€ô°(€€€€‰¹½‘•}µ½‘Õ±•Ì½‰±…­”ÌµÝ…Í´ˆèì(€€€€€€‰Ù•ÉÍ¥½¸ˆè€ˆÈ¸Ä¸Ôˆ°(€€€€€€‰É•Í½±Ù•ˆè€‰¡ÑÑÁÌè¼½É•¥ÍÑÉä¹¹Áµ©Ì¹½Éœ½‰±…­”ÌµÝ…Í´¼´½‰±…­”ÌµÝ…Í´´È¸Ä¸Ô¹Ñèˆ°(€€€€€€‰¥¹Ñ•É¥Ñäˆè€‰Í¡„ÔÄÈµÄ­,á‰™=iÐå‘Ñ½AÑµáUEÉÁa…	%°Í%Ù…Í1 ­¹)Ñ„Áá­è¬å­¼ÝÕ•Ðå™1¹Ý-Å¡Éµ¨Ùœ¬Ù,ÍQÜååEAUœÉ­„Õœôôˆ°(€€€€€€‰‘•ØˆèÑÉÕ”°(€€€€€€‰±¥•¹Í”ˆè€‰5%Pˆ(€€€ô°(€€€€‰¹½‘•}µ½‘Õ±•Ì½‘•Ñ•Ðµ±¥‰Œˆèì(€€€€€€‰Ù•ÉÍ¥½¸ˆè€ˆÈ¸Ä¸Èˆ°(€€€€€€‰É•Í½±Ù•ˆè€‰¡ÑÑÁÌè¼½É•¥ÍÑÉä¹¹Áµ©Ì¹½Éœ½‘•Ñ•Ðµ±¥‰Œ¼´½‘•Ñ•Ðµ±¥‰Œ´È¸Ä¸È¹Ñèˆ°(€€€€€€‰¥¹Ñ•É¥Ñäˆè€‰Í¡„ÔÄÈµ	Ñ¨É	==<àÍ¼Í]å Ôå”á5aÍáEY…É­U=ÁeÉÕ‰ÁÕÉÝ¹8ÄÁåDÌØÑÉÍ¥	åTÄÅ¹i±Å]ei´ÀÕ¤½½˜Ý¥¼Ñµé¥¡	ÑDôôˆ°(€€€€€€‰‘•ØˆèÑÉÕ”°(€€€€€€‰±¥•¹Í”ˆè€‰Á…¡”´È¸Àˆ°(€€€€€€‰•¹¥¹•Ìˆèì(€€€€€€€€‰¹½‘”ˆè€ˆøôàˆ(€€€€€ô(€€€ô°(€€€€‰¹½‘•}µ½‘Õ±•Ì½•ÉÉ½ÈµÍÑ…¬µÁ…ÉÍ•Èµ•Ìˆèì(€€€€€€‰Ù•ÉÍ¥½¸ˆè€ˆÄ¸À¸Ôˆ°(€€€€€€‰É•Í½±Ù•ˆè€‰¡ÑÑÁÌè¼½É•¥ÍÑÉä¹¹Áµ©Ì¹½Éœ½•ÉÉ½ÈµÍÑ…¬µÁ…ÉÍ•Èµ•Ì¼´½•ÉÉ½ÈµÍÑ…¬µÁ…ÉÍ•Èµ•Ì´Ä¸À¸Ô¹Ñèˆ°(€€€€€€‰¥¹Ñ•É¥Ñäˆè€‰Í¡„ÔÄÈ´ÕÅÕYÐÉaÕ5]$Ý¤­åiÁµÁ	åDá(Å±!¡0ÝAÝÅÝÔåA@ÍYUaéPÑ±Ñ!”Õ¤Éèå‘•AÝ!Y=™M¹!Í=±aIôôˆ°(€€€€€€‰‘•ØˆèÑÉÕ”°(€€€€€€‰±¥•¹Í”ˆè€‰5%Pˆ°(€€€€€€‰™Õ¹‘¥¹œˆèì(€€€€€€€€‰ÕÉ°ˆè€‰¡ÑÑÁÌè¼½¥Ñ¡Õˆ¹½´½ÍÁ½¹Í½ÉÌ½…¹Ñ™Ôˆ(€€€€€ô(€€€ô°(€€€€‰¹½‘•}µ½‘Õ±•Ì½•Í‰Õ¥±ˆèì(€€€€€€‰Ù•ÉÍ¥½¸ˆè€ˆÀ¸Èà¸Äˆ°(€€€€€€‰É•Í½±Ù•ˆè€‰¡ÑÑÁÌè¼½É•¥ÍÑÉä¹¹Áµ©Ì¹½Éœ½•Í‰Õ¥±¼´½•Í‰Õ¥±´À¸Èà¸Ä¹Ñèˆ°(€€€€€€‰¥¹Ñ•É¥Ñäˆè€‰Í¡„ÔÄÈµ!É)ÉÙiØÕ…åá	éA™ÝÁ¡=½9é­é=%%±¥™é¬Á-)É,ÉŒáHÐ­1-Á5ÑÁe1E•U‘©¹Ý©]Ø½1i±­ É±…i¬¬ÑÜÜáÁ¤äåÑYÜôôˆ°(€€€€€€‰‘•ØˆèÑÉÕ”°(€€€€€€‰¡…Í%¹ÍÑ…±±MÉ¥ÁÐˆèÑÉÕ”°(€€€€€€‰±¥•¹Í”ˆè€‰5%Pˆ°(€€€€€€‰‰¥¸ˆèì(€€€€€€€€‰•Í‰Õ¥±ˆè€‰‰¥¸½•Í‰Õ¥±ˆ(€€€€€ô°(€€€€€€‰•¹¥¹•Ìˆèì(€€€€€€€€‰¹½‘”ˆè€ˆøôÄàˆ(€€€€€ô°(€€€€€€‰½ÁÑ¥½¹…±•Á•¹‘•¹¥•Ìˆèì(€€€€€€€€‰•Í‰Õ¥±½…¥àµÁÁŒØÐˆè€ˆÀ¸Èà¸Äˆ°(€€€€€€€€‰•Í‰Õ¥±½…¹‘É½¥µ…É´ˆè€ˆÀ¸Èà¸Äˆ°(€€€€€€€€‰•Í‰Õ¥±½…¹‘É½¥µ…É´ØÐˆè€ˆÀ¸Èà¸Äˆ°(€€€€€€€€‰•Í‰Õ¥±½…¹‘É½¥µàØÐˆè€ˆÀ¸Èà¸Äˆ°(€€€€€€€€‰•Í‰Õ¥±½‘…ÉÝ¥¸µ…É´ØÐˆè€ˆÀ¸Èà¸Äˆ°(€€€€€€€€‰•Í‰Õ¥±½‘…ÉÝ¥¸µàØÐˆè€ˆÀ¸Èà¸Äˆ°(€€€€€€€€‰•Í‰Õ¥±½™É••‰Íµ…É´ØÐˆè€ˆÀ¸Èà¸Äˆ°(€€€€€€€€‰•Í‰Õ¥±½™É••‰ÍµàØÐˆè€ˆÀ¸Èà¸Äˆ°(€€€€€€€€‰•Í‰Õ¥±½±¥¹Õàµ…É´ˆè€ˆÀ¸Èà¸Äˆ°(€€€€€€€€‰•Í‰Õ¥±½±¥¹Õàµ…É´ØÐˆè€ˆÀ¸Èà¸Äˆ°(€€€€€€€€‰•Í‰Õ¥±½±¥¹Õàµ¥„ÌÈˆè€ˆÀ¸Èà¸Äˆ°(€€€€€€€€‰•Í‰Õ¥±½±¥¹Õàµ±½½¹œØÐˆè€ˆÀ¸Èà¸Äˆ°(€€€€€€€€‰•Í‰Õ¥±½±¥¹Õàµµ¥ÁÌØÑ•°ˆè€ˆÀ¸Èà¸Äˆ°(€€€€€€€€‰•Í‰Õ¥±½±¥¹ÕàµÁÁŒØÐˆè€ˆÀ¸Èà¸Äˆ°(€€€€€€€€‰•Í‰Õ¥±½±¥¹ÕàµÉ¥ÍØØÐˆè€ˆÀ¸Èà¸Äˆ°(€€€€€€€€‰•Í‰Õ¥±½±¥¹ÕàµÌÌäÁàˆè€ˆÀ¸Èà¸Äˆ°(€€€€€€€€‰•Í‰Õ¥±½±¥¹ÕàµàØÐˆè€ˆÀ¸Èà¸Äˆ°(€€€€€€€€‰•Í‰Õ¥±½¹•Ñ‰Íµ…É´ØÐˆè€ˆÀ¸Èà¸Äˆ°(€€€€€€€€‰•Í‰Õ¥±½¹•Ñ‰ÍµàØÐˆè€ˆÀ¸Èà¸Äˆ°(€€€€€€€€‰•Í‰Õ¥±½½Á•¹‰Íµ…É´ØÐˆè€ˆÀ¸Èà¸Äˆ°(€€€€€€€€‰•Í‰Õ¥±½½Á•¹‰ÍµàØÐˆè€ˆÀ¸Èà¸Äˆ°(€€€€€€€€‰•Í‰Õ¥±½½Á•¹¡…Éµ½¹äµ…É´ØÐˆè€ˆÀ¸Èà¸Äˆ°(€€€€€€€€‰•Í‰Õ¥±½ÍÕ¹½ÌµàØÐˆè€ˆÀ¸Èà¸Äˆ°(€€€€€€€€‰•Í‰Õ¥±½Ý¥¸ÌÈµ…É´ØÐˆè€ˆÀ¸Èà¸Äˆ°(€€€€€€€€‰•Í‰Õ¥±½Ý¥¸ÌÈµ¥„ÌÈˆè€ˆÀ¸Èà¸Äˆ°(€€€€€€€€‰•Í‰Õ¥±½Ý¥¸ÌÈµàØÐˆè€ˆÀ¸Èà¸Äˆ(€€€€€ô(€€€ô°(€€€€‰¹½‘•}µ½‘Õ±•Ì½™Í•Ù•¹ÑÌˆèì(€€€€€€‰Ù•ÉÍ¥½¸ˆè€ˆÈ¸Ì¸Ìˆ°(€€€€€€‰É•Í½±Ù•ˆè€‰¡ÑÑÁÌè¼½É•¥ÍÑÉä¹¹Áµ©Ì¹½Éœ½™Í•Ù•¹ÑÌ¼´½™Í•Ù•¹ÑÌ´È¸Ì¸Ì¹Ñèˆ°(€€€€€€‰¥¹Ñ•É¥Ñäˆè€‰Í¡„ÔÄÈ´Õá½™`­™0Ý™…Q¹…µ]AÁ‰ÑÝ ½HÜÝ]µ55ÅÅ!LØÕÍÙÙÁe!É­ÅeµhÌÐÐÅÑ5¨Õ¸ØÍ¬ÀÈÄÉa9½)Ýé±¡™™EÜôôˆ°(€€€€€€‰‘•ØˆèÑÉÕ”°(€€€€€€‰¡…Í%¹ÍÑ…±±MÉ¥ÁÐˆèÑÉÕ”°(€€€€€€‰±¥•¹Í”ˆè€‰5%Pˆ°(€€€€€€‰½ÁÑ¥½¹…°ˆèÑÉÕ”°(€€€€€€‰½Ìˆèl(€€€€€€€€‰‘…ÉÝ¥¸ˆ(€€€€€t°(€€€€€€‰•¹¥¹•Ìˆèì(€€€€€€€€‰¹½‘”ˆè€‰xà¸ÄØ¸ÀñðxÄÀ¸Ø¸Àñð€øôÄÄ¸À¸Àˆ(€€€€€ô(€€€ô°(€€€€‰¹½‘•}µ½‘Õ±•Ì½­±•ÕÈˆèì(€€€€€€‰Ù•ÉÍ¥½¸ˆè€ˆÐ¸Ä¸Ôˆ°(€€€€€€‰É•Í½±Ù•ˆè€‰¡ÑÑÁÌè¼½É•¥ÍÑÉä¹¹Áµ©Ì¹½Éœ½­±•ÕÈ¼´½­±•ÕÈ´Ð¸Ä¸Ô¹Ñèˆ°(€€€€€€‰¥¹Ñ•É¥Ñäˆè€‰Í¡„ÔÄÈµ¼­9<¬á]ÉI¥EÐ¼Ý¹ÝI)¡8Å!]ÁYµ)´ÔÄÅÁ	!UáA1ÑÀÁ	U%Mé±	Á±=IeMµQ±¹)ÙEÄÉÑ-Ô½Í°ÍáYÁ­ŒÝi]ÕEDôôˆ°(€€€€€€‰‘•ØˆèÑÉÕ”°(€€€€€€‰±¥•¹Í”ˆè€‰5%Pˆ°(€€€€€€‰•¹¥¹•Ìˆèì(€€€€€€€€‰¹½‘”ˆè€ˆøôØˆ(€€€€€ô(€€€ô°(€€€€‰¹½‘•}µ½‘Õ±•Ì½µ¥¹¥™±…É”ˆèì(€€€€€€‰Ù•ÉÍ¥½¸ˆè€ˆÐ¸ÈÀÈØÀÜÄÀ¸Àˆ°(€€€€€€‰É•Í½±Ù•ˆè€‰¡ÑÑÁÌè¼½É•¥ÍÑÉä¹¹Áµ©Ì¹½Éœ½µ¥¹¥™±…É”¼´½µ¥¹¥™±…É”´Ð¸ÈÀÈØÀÜÄÀ¸À¹Ñèˆ°(€€€€€€‰¥¹Ñ•É¥Ñäˆè€‰Í¡„ÔÄÈµàÅ11I­TÙ¼ÅÀÝ¡¥-ÉÁQI¹0Á5)¸Ùá=P¬½ÙÉ±E%9èÕI-1@áÉÔÑ¡	Å]Q%Ùa•ÑéÈÅ…-¹µ…àÑÁDÑ\½,ÄÑœôôˆ°(€€€€€€‰‘•ØˆèÑÉÕ”°(€€€€€€‰±¥•¹Í”ˆè€‰5%Pˆ°(€€€€€€‰‘•Á•¹‘•¹¥•Ìˆèì(€€€€€€€€‰ÍÁ½Ñ½‘”½Í½ÕÉ”µµ…ÀµÍÕÁÁ½ÉÐˆè€ˆÀ¸à¸Äˆ°(€€€€€€€€‰Í¡…ÉÀˆè€ˆÀ¸ÌÐ¸Ôˆ°(€€€€€€€€‰Õ¹‘¥¤ˆè€ˆÜ¸Èà¸Àˆ°(€€€€€€€€‰Ý½É­•Éˆè€ˆÄ¸ÈÀÈØÀÜÄÀ¸Äˆ°(€€€€€€€€‰ÝÌˆè€ˆà¸ÈÄ¸Àˆ°(€€€€€€€€‰å½Õ ˆè€ˆÐ¸Ä¸Àµ‰•Ñ„¸ÄÀˆ(€€€€€ô°(€€€€€€‰‰¥¸ˆèì(€€€€€€€€‰µ¥¹¥™±…É”ˆè€‰‰½½ÑÍÑÉ…À¹©Ìˆ(€€€€€ô°(€€€€€€‰•¹¥¹•Ìˆèì(€€€€€€€€‰¹½‘”ˆè€ˆøôÈÈ¸À¸Àˆ(€€€€€ô(€€€ô°(€€€€‰¹½‘•}µ½‘Õ±•Ì½Á…Ñ¡”ˆèì(€€€€€€‰Ù•ÉÍ¥½¸ˆè€ˆÈ¸À¸Ìˆ°(€€€€€€‰É•Í½±Ù•ˆè€‰¡ÑÑÁÌè¼½É•¥ÍÑÉä¹¹Áµ©Ì¹½Éœ½Á…Ñ¡”¼´½Á…Ñ¡”´È¸À¸Ì¹Ñèˆ°(€€€€€€‰¥¹Ñ•É¥Ñäˆè€‰Í¡„ÔÄÈµ]U©Å@ÅE…½E”­=	)ÍÝ1ÑåaÕU%©hÕŒÜÕ1!Ù(Ý‘Ñ9ÍQÕÁ¡á%ÝÍÁL­É…U•A-ÉMYÑA1¨½àáÜôôˆ°(€€€€€€‰‘•ØˆèÑÉÕ”°(€€€€€€‰±¥•¹Í”ˆè€‰5%Pˆ(€€€ô°(€€€€‰¹½‘•}µ½‘Õ±•Ì½Í•µÙ•Èˆèì(€€€€€€‰Ù•ÉÍ¥½¸ˆè€ˆÜ¸à¸Ôˆ°(€€€€€€‰É•Í½±Ù•ˆè€‰¡ÑÑÁÌè¼½É•¥ÍÑÉä¹¹Áµ©Ì¹½Éœ½Í•µÙ•È¼´½Í•µÙ•È´Ü¸à¸Ô¹Ñèˆ°(€€€€€€‰¥¹Ñ•É¥Ñäˆè€‰Í¡„ÔÄÈµdÜ½-Íˆá1©½½iÁÝ…ÅåÕ±<ÙE±­Í¹¡!¬­Íi%dÑM	ÙU½5	 ÕUÈÅ™$Ñ‘X­)Ù°ÁÜÙ©ÙÕ…%¤ÐÁÁÕI¥½ôôˆ°(€€€€€€‰‘•ØˆèÑÉÕ”°(€€€€€€‰±¥•¹Í”ˆè€‰%Mˆ°(€€€€€€‰‰¥¸ˆèì(€€€€€€€€‰Í•µÙ•Èˆè€‰‰¥¸½Í•µÙ•È¹©Ìˆ(€€€€€ô°(€€€€€€‰•¹¥¹•Ìˆèì(€€€€€€€€‰¹½‘”ˆè€ˆøôÄÀˆ(€€€€€ô(€€€ô°(€€€€‰¹½‘•}µ½‘Õ±•Ì½Í¡…ÉÀˆèì(€€€€€€‰Ù•ÉÍ¥½¸ˆè€ˆÀ¸ÌÐ¸Ôˆ°(€€€€€€‰É•Í½±Ù•ˆè€‰¡ÑÑÁÌè¼½É•¥ÍÑÉä¹¹Áµ©Ì¹½Éœ½Í¡…ÉÀ¼´½Í¡…ÉÀ´À¸ÌÐ¸Ô¹Ñèˆ°(€€€€€€‰¥¹Ñ•É¥Ñäˆè€‰Í¡„ÔÄÈµ=Ôå$ÕÐå]9‰aÉTå5A	,á1¥Ý1Å‰åÝ\ÍÐÑ½XÌÝ¸ÅÁéÁÕ91Íe¥Xá•=¹©‰ÑE±MÝhÉU•EèÑÔÑ!±Ñœôôˆ°(€€€€€€‰‘•ØˆèÑÉÕ”°(€€€€€€‰¡…Í%¹ÍÑ…±±MÉ¥ÁÐˆèÑÉÕ”°(€€€€€€‰±¥•¹Í”ˆè€‰Á…¡”´È¸Àˆ°(€€€€€€‰‘•Á•¹‘•¹¥•Ìˆèì(€€€€€€€€‰¥µœ½½±½ÕÈˆè€‰xÄ¸À¸Àˆ°(€€€€€€€€‰‘•Ñ•Ðµ±¥‰Œˆè€‰xÈ¸Ä¸Èˆ°(€€€€€€€€‰Í•µÙ•Èˆè€‰xÜ¸Ü¸Ìˆ(€€€€€ô°(€€€€€€‰•¹¥¹•Ìˆèì(€€€€€€€€‰¹½‘”ˆè€‰xÄà¸ÄÜ¸ÀñðxÈÀ¸Ì¸Àñð€øôÈÄ¸À¸Àˆ(€€€€€ô°(€€€€€€‰™Õ¹‘¥¹œˆèì(€€€€€€€€‰ÕÉ°ˆè€‰¡ÑÑÁÌè¼½½Á•¹½±±•Ñ¥Ù”¹½´½±¥‰Ù¥ÁÌˆ(€€€€€ô°(€€€€€€‰½ÁÑ¥½¹…±•Á•¹‘•¹¥•Ìˆèì(€€€€€€€€‰¥µœ½Í¡…ÉÀµ‘…ÉÝ¥¸µ…É´ØÐˆè€ˆÀ¸ÌÐ¸Ôˆ°(€€€€€€€€‰¥µœ½Í¡…ÉÀµ‘…ÉÝ¥¸µàØÐˆè€ˆÀ¸ÌÐ¸Ôˆ°(€€€€€€€€‰¥µœ½Í¡…ÉÀµ±¥‰Ù¥ÁÌµ‘…ÉÝ¥¸µ…É´ØÐˆè€ˆÄ¸È¸Ðˆ°(€€€€€€€€‰¥µœ½Í¡…ÉÀµ±¥‰Ù¥ÁÌµ‘…ÉÝ¥¸µàØÐˆè€ˆÄ¸È¸Ðˆ°(€€€€€€€€‰¥µœ½Í¡…ÉÀµ±¥‰Ù¥ÁÌµ±¥¹Õàµ…É´ˆè€ˆÄ¸È¸Ðˆ°(€€€€€€€€‰¥µœ½Í¡…ÉÀµ±¥‰Ù¥ÁÌµ±¥¹Õàµ…É´ØÐˆè€ˆÄ¸È¸Ðˆ°(€€€€€€€€‰¥µœ½Í¡…ÉÀµ±¥‰Ù¥ÁÌµ±¥¹ÕàµÁÁŒØÐˆè€ˆÄ¸È¸Ðˆ°(€€€€€€€€‰¥µœ½Í¡…ÉÀµ±¥‰Ù¥ÁÌµ±¥¹ÕàµÉ¥ÍØØÐˆè€ˆÄ¸È¸Ðˆ°(€€€€€€€€‰¥µœ½Í¡…ÉÀµ±¥‰Ù¥ÁÌµ±¥¹ÕàµÌÌäÁàˆè€ˆÄ¸È¸Ðˆ°(€€€€€€€€‰¥µœ½Í¡…ÉÀµ±¥‰Ù¥ÁÌµ±¥¹ÕàµàØÐˆè€ˆÄ¸È¸Ðˆ°(€€€€€€€€‰¥µœ½Í¡…ÉÀµ±¥‰Ù¥ÁÌµ±¥¹ÕáµÕÍ°µ…É´ØÐˆè€ˆÄ¸È¸Ðˆ°(€€€€€€€€‰¥µœ½Í¡…ÉÀµ±¥‰Ù¥ÁÌµ±¥¹ÕáµÕÍ°µàØÐˆè€ˆÄ¸È¸Ðˆ°(€€€€€€€€‰¥µœ½Í¡…ÉÀµ±¥¹Õàµ…É´ˆè€ˆÀ¸ÌÐ¸Ôˆ°(€€€€€€€€‰¥µœ½Í¡…ÉÀµ±¥¹Õàµ…É´ØÐˆè€ˆÀ¸ÌÐ¸Ôˆ°(€€€€€€€€‰¥µœ½Í¡…ÉÀµ±¥¹ÕàµÁÁŒØÐˆè€ˆÀ¸ÌÐ¸Ôˆ°(€€€€€€€€‰¥µœ½Í¡…ÉÀµ±¥¹ÕàµÉ¥ÍØØÐˆè€ˆÀ¸ÌÐ¸Ôˆ°(€€€€€€€€‰¥µœ½Í¡…ÉÀµ±¥¹ÕàµÌÌäÁàˆè€ˆÀ¸ÌÐ¸Ôˆ°(€€€€€€€€‰¥µœ½Í¡…ÉÀµ±¥¹ÕàµàØÐˆè€ˆÀ¸ÌÐ¸Ôˆ°(€€€€€€€€‰¥µœ½Í¡…ÉÀµ±¥¹ÕáµÕÍ°µ…É´ØÐˆè€ˆÀ¸ÌÐ¸Ôˆ°(€€€€€€€€‰¥µœ½Í¡…ÉÀµ±¥¹ÕáµÕÍ°µàØÐˆè€ˆÀ¸ÌÐ¸Ôˆ°(€€€€€€€€‰¥µœ½Í¡…ÉÀµÝ…Í´ÌÈˆè€ˆÀ¸ÌÐ¸Ôˆ°(€€€€€€€€‰¥µœ½Í¡…ÉÀµÝ¥¸ÌÈµ…É´ØÐˆè€ˆÀ¸ÌÐ¸Ôˆ°(€€€€€€€€‰¥µœ½Í¡…ÉÀµÝ¥¸ÌÈµ¥„ÌÈˆè€ˆÀ¸ÌÐ¸Ôˆ°(€€€€€€€€‰¥µœ½Í¡…ÉÀµÝ¥¸ÌÈµàØÐˆè€ˆÀ¸ÌÐ¸Ôˆ(€€€€€ô(€€€ô°(€€€€‰¹½‘•}µ½‘Õ±•Ì½ÍÕÁÁ½ÉÑÌµ½±½Èˆèì(€€€€€€‰Ù•ÉÍ¥½¸ˆè€ˆÄÀ¸È¸Èˆ°(€€€€€€‰É•Í½±Ù•ˆè€‰¡ÑÑÁÌè¼½É•¥ÍÑÉä¹¹Áµ©Ì¹½Éœ½ÍÕÁÁ½ÉÑÌµ½±½È¼´½ÍÕÁÁ½ÉÑÌµ½±½È´ÄÀ¸È¸È¹Ñèˆ°(€€€€€€‰¥¹Ñ•É¥Ñäˆè€‰Í¡„ÔÄÈµML­©àÐÕÅE©aEàÑ9)iXå%µÅµ<É9AèÕ9Í%!ÉÍ© ÉeÍ!¹…ÝÁ…¸ÝM9DÅ¼á9Õ¡É‰!iäåi¡%½U¥•…\½àÁœôôˆ°(€€€€€€‰‘•ØˆèÑÉÕ”°(€€€€€€‰±¥•¹Í”ˆè€‰5%Pˆ°(€€€€€€‰•¹¥¹•Ìˆèì(€€€€€€€€‰¹½‘”ˆè€ˆøôÄàˆ(€€€€€ô°(€€€€€€‰™Õ¹‘¥¹œˆèì(€€€€€€€€‰ÕÉ°ˆè€‰¡ÑÑÁÌè¼½¥Ñ¡Õˆ¹½´½¡…±¬½ÍÕÁÁ½ÉÑÌµ½±½ÈýÍÁ½¹Í½ÈôÄˆ(€€€€€ô(€€€ô°(€€€€‰¹½‘•}µ½‘Õ±•Ì½ÑÍ±¥ˆˆèì(€€€€€€‰Ù•ÉÍ¥½¸ˆè€ˆÈ¸à¸Äˆ°(€€€€€€‰É•Í½±Ù•ˆè€‰¡ÑÑÁÌè¼½É•¥ÍÑÉä¹¹Áµ©Ì¹½Éœ½ÑÍ±¥ˆ¼´½ÑÍ±¥ˆ´È¸à¸Ä¹Ñèˆ°(€€€€€€‰¥¹Ñ•É¥Ñäˆè€‰Í¡„ÔÄÈµ½)ÔäÑ!Eˆ­-Y‘ÕMUE0ÝÝ¹ÁµÅ¹™µ1Í=½¹ ÙˆÙ ÁÝ½,À½µA•aTÙŒÍÝ-XàÍ5­=Õ!AI!ÑMa--Täå%	…éL¼ÉÜôôˆ°(€€€€€€‰‘•ØˆèÑÉÕ”°(€€€€€€‰±¥•¹Í”ˆè€ˆÁ	Mˆ°(€€€€€€‰½ÁÑ¥½¹…°ˆèÑÉÕ”(€€€ô°(€€€€‰¹½‘•}µ½‘Õ±•Ì½Õ¹‘¥¤ˆèì(€€€€€€‰Ù•ÉÍ¥½¸ˆè€ˆÜ¸Èà¸Àˆ°(€€€€€€‰É•Í½±Ù•ˆè€‰¡ÑÑÁÌè¼½É•¥ÍÑÉä¹¹Áµ©Ì¹½Éœ½Õ¹‘¥¤¼´½Õ¹‘¥¤´Ü¸Èà¸À¹Ñèˆ°(€€€€€€‰¥¹Ñ•É¥Ñäˆè€‰Í¡„ÔÄÈµIieÉQÝ]é¹±¹I¥A©áia…¹ÑäÙ4áIXÅ™˜á]´Ñ1]a	ÀÜ½%áØÕ¹=´ÜÑÑU	Àå==9Á,ÜÕe±A¹%©EÅ`Á‘	Ñôôˆ°(€€€€€€‰‘•ØˆèÑÉÕ”°(€€€€€€‰±¥•¹Í”ˆè€‰5%Pˆ°(€€€€€€‰•¹¥¹•Ìˆèì(€€€€€€€€‰¹½‘”ˆè€ˆøôÈÀ¸Äà¸Äˆ(€€€€€ô(€€€ô°(€€€€‰¹½‘•}µ½‘Õ±•Ì½Õ¹•¹Øˆèì(€€€€€€‰Ù•ÉÍ¥½¸ˆè€ˆÈ¸À¸ÀµÉŒ¸ÈÐˆ°(€€€€€€‰É•Í½±Ù•ˆè€‰¡ÑÑÁÌè¼½É•¥ÍÑÉä¹¹Áµ©Ì¹½Éœ½Õ¹•¹Ø¼´½Õ¹•¹Ø´È¸À¸ÀµÉŒ¸ÈÐ¹Ñèˆ°(€€€€€€‰¥¹Ñ•É¥Ñäˆè€‰Í¡„ÔÄÈµ¤ÝÅIµdÐÉéµÝ¹e± å ÉMÙ1åÁå”Õ¥Iµ5-©¤Ýé¬åUÅÕ¥I©ÑQ1èÁQeÅÈÁi1i¡…5!°½™½äÅ‰iH­Ý±Üôôˆ°(€€€€€€‰‘•ØˆèÑÉÕ”°(€€€€€€‰±¥•¹Í”ˆè€‰5%Pˆ°(€€€€€€‰‘•Á•¹‘•¹¥•Ìˆèì(€€€€€€€€‰Á…Ñ¡”ˆè€‰xÈ¸À¸Ìˆ(€€€€€ô(€€€ô°(€€€€‰¹½‘•}µ½‘Õ±•Ì½Ý½É­•Éˆèì(€€€€€€‰Ù•ÉÍ¥½¸ˆè€ˆÄ¸ÈÀÈØÀÜÄÀ¸Äˆ°(€€€€€€‰É•Í½±Ù•ˆè€‰¡ÑÑÁÌè¼½É•¥ÍÑÉä¹¹Áµ©Ì¹½Éœ½Ý½É­•É¼´½Ý½É­•É´Ä¸ÈÀÈØÀÜÄÀ¸Ä¹Ñèˆ°(€€€€€€‰¥¹Ñ•É¥Ñäˆè€‰Í¡„ÔÄÈµTÉÍ	AAÉˆåTäÝÍ	-¹¹58Ù-ØáÀØÔäÀÍ@ÌÕ¹Ý5­AåÙM ½‰IÕIÅ­hÍ„Å©UÜÍ©XÈáI¡¥åaÁ­1ÜÝÙéÜáa¥µáåQÜôôˆ°(€€€€€€‰‘•ØˆèÑÉÕ”°(€€€€€€‰¡…Í%¹ÍÑ…±±MÉ¥ÁÐˆèÑÉÕ”°(€€€€€€‰±¥•¹Í”ˆè€‰Á…¡”´È¸Àˆ°(€€€€€€‰‰¥¸ˆèì(€€€€€€€€‰Ý½É­•Éˆè€‰‰¥¸½Ý½É­•Éˆ(€€€€€ô°(€€€€€€‰•¹¥¹•Ìˆèì(€€€€€€€€‰¹½‘”ˆè€ˆøôÄØˆ(€€€€€ô°(€€€€€€‰½ÁÑ¥½¹…±•Á•¹‘•¹¥•Ìˆèì(€€€€€€€€‰±½Õ‘™±…É”½Ý½É­•Éµ‘…ÉÝ¥¸´ØÐˆè€ˆÄ¸ÈÀÈØÀÜÄÀ¸Äˆ°(€€€€€€€€‰±½Õ‘™±…É”½Ý½É­•Éµ‘…ÉÝ¥¸µ…É´ØÐˆè€ˆÄ¸ÈÀÈØÀÜÄÀ¸Äˆ°(€€€€€€€€‰±½Õ‘™±…É”½Ý½É­•Éµ±¥¹Õà´ØÐˆè€ˆÄ¸ÈÀÈØÀÜÄÀ¸Äˆ°(€€€€€€€€‰±½Õ‘™±…É”½Ý½É­•Éµ±¥¹Õàµ…É´ØÐˆè€ˆÄ¸ÈÀÈØÀÜÄÀ¸Äˆ°(€€€€€€€€‰±½Õ‘™±…É”½Ý½É­•ÉµÝ¥¹‘½ÝÌ´ØÐˆè€ˆÄ¸ÈÀÈØÀÜÄÀ¸Äˆ(€€€€€ô(€€€ô°(€€€€‰¹½‘•}µ½‘Õ±•Ì½ÝÉ…¹±•Èˆèì(€€€€€€‰Ù•ÉÍ¥½¸ˆè€ˆÐ¸ÄÄÄ¸Àˆ°(€€€€€€‰É•Í½±Ù•ˆè€‰¡ÑÑÁÌè¼½É•¥ÍÑÉä¹¹Áµ©Ì¹½Éœ½ÝÉ…¹±•È¼´½ÝÉ…¹±•È´Ð¸ÄÄÄ¸À¹Ñèˆ°(€€€€€€‰¥¹Ñ•É¥Ñäˆè€‰Í¡„ÔÄÈµ‰™™Á$ååÉ¹Á-­¼ÅL­I…%Øá½IäÍÑ‰ÍÝQ±™]Ý=Í)ÝY<Í©Y‰‘éÁåQTÝ	Å½´ÍèÝ©UáÑ”Ñhå5A¡…DÑ!½Dôôˆ°(€€€€€€‰‘•ØˆèÑÉÕ”°(€€€€€€‰±¥•¹Í”ˆè€‰5%P=HÁ…¡”´È¸Àˆ°(€€€€€€‰‘•Á•¹‘•¹¥•Ìˆèì(€€€€€€€€‰±½Õ‘™±…É”½­Øµ…ÍÍ•Ðµ¡…¹‘±•Èˆè€ˆÀ¸Ô¸Àˆ°(€€€€€€€€‰±½Õ‘™±…É”½Õ¹•¹ØµÁÉ•Í•Ðˆè€ˆÈ¸ÄØ¸Äˆ°(€€€€€€€€‰‰±…­”ÌµÝ…Í´ˆè€ˆÈ¸Ä¸Ôˆ°(€€€€€€€€‰•Í‰Õ¥±ˆè€ˆÀ¸Èà¸Äˆ°(€€€€€€€€‰µ¥¹¥™±…É”ˆè€ˆÐ¸ÈÀÈØÀÜÄÀ¸Àˆ°(€€€€€€€€‰Á…Ñ µÑ¼µÉ••áÀˆè€ˆØ¸Ì¸Àˆ°(€€€€€€€€‰Õ¹•¹Øˆè€ˆÈ¸À¸ÀµÉŒ¸ÈÐˆ°(€€€€€€€€‰Ý½É­•Éˆè€ˆÄ¸ÈÀÈØÀÜÄÀ¸Äˆ(€€€€€ô°(€€€€€€‰‰¥¸ˆèì(€€€€€€€€‰˜µÝÉ…¹±•Èˆè€‰‰¥¸½˜µÝÉ…¹±•È¹©Ìˆ°(€€€€€€€€‰ÝÉ…¹±•Èˆè€‰‰¥¸½ÝÉ…¹±•È¹©Ìˆ°(€€€€€€€€‰ÝÉ…¹±•ÈÈˆè€‰‰¥¸½ÝÉ…¹±•È¹©Ìˆ(€€€€€ô°(€€€€€€‰•¹¥¹•Ìˆèì(€€€€€€€€‰¹½‘”ˆè€ˆøôÈÈ¸À¸Àˆ(€€€€€ô°(€€€€€€‰½ÁÑ¥½¹…±•Á•¹‘•¹¥•Ìˆèì(€€€€€€€€‰™Í•Ù•¹ÑÌˆè€ˆÈ¸Ì¸Ìˆ(€€€€€ô°(€€€€€€‰Á••É•Á•¹‘•¹¥•Ìˆèì(€€€€€€€€‰±½Õ‘™±…É”½Ý½É­•ÉÌµÑåÁ•Ìˆè€‰xÔ¸ÈÀÈØÀÜÄÀ¸Äˆ(€€€€€ô°(€€€€€€‰Á••É•Á•¹‘•¹¥•Í5•Ñ„ˆèì(€€€€€€€€‰±½Õ‘™±…É”½Ý½É­•ÉÌµÑåÁ•Ìˆèì(€€€€€€€€€€‰½ÁÑ¥½¹…°ˆèÑÉÕ”(€€€€€€€ô(€€€€€ô(€€€ô°(€€€€‰¹½‘•}µ½‘Õ±•Ì½ÝÉ…¹±•È½¹½‘•}µ½‘Õ±•Ì½Á…Ñ µÑ¼µÉ••áÀˆèì(€€€€€€‰Ù•ÉÍ¥½¸ˆè€ˆØ¸Ì¸Àˆ°(€€€€€€‰É•Í½±Ù•ˆè€‰¡ÑÑÁÌè¼½É•¥ÍÑÉä¹¹Áµ©Ì¹½Éœ½Á…Ñ µÑ¼µÉ••áÀ¼´½Á…Ñ µÑ¼µÉ••áÀ´Ø¸Ì¸À¹Ñèˆ°(€€€€€€‰¥¹Ñ•É¥Ñäˆè€‰Í¡„ÔÄÈµe¡ÁÜÑPåÙ¡AÁA•ÈáÕÌÀÝ=)•ÅhÕéEQ­‰™ÝÕ¡ÍUœÁŒÈÌÝI½µ½Q)µÀÉÍ„Í¼ÐÅ™1ÙÕÅeÝé¹µ••=±Dôôˆ°(€€€€€€‰‘•ØˆèÑÉÕ”°(€€€€€€‰±¥•¹Í”ˆè€‰5%Pˆ(€€€ô°(€€€€‰¹½‘•}µ½‘Õ±•Ì½ÝÌˆèì(€€€€€€‰Ù•ÉÍ¥½¸ˆè€ˆà¸ÈÄ¸Àˆ°(€€€€€€‰É•Í½±Ù•ˆè€‰¡ÑÑÁÌè¼½É•¥ÍÑÉä¹¹Áµ©Ì¹½Éœ½ÝÌ¼´½ÝÌ´à¸ÈÄ¸À¹Ñèˆ°(€€€€€€‰¥¹Ñ•É¥Ñäˆè€‰Í¡„ÔÄÈµYÍÀÈáˆÝI¥µEÙÉÅÔÉ]•¬ÍèÅ¥eá]Å!eáEÍ¹¬½LÑI™…EéAAå	9ÕY©)XÍÙU¥-ÑUÑÀÙÍ94ÜÝ]Ùé ­œôôˆ°(€€€€€€‰‘•ØˆèÑÉÕ”°(€€€€€€‰±¥•¹Í”ˆè€‰5%Pˆ°(€€€€€€‰•¹¥¹•Ìˆèì(€€€€€€€€‰¹½‘”ˆè€ˆøôÄÀ¸À¸Àˆ(€€€€€ô°(€€€€€€‰Á••É•Á•¹‘•¹¥•Ìˆèì(€€€€€€€€‰‰Õ™™•ÉÕÑ¥°ˆè€‰xÐ¸À¸Äˆ°(€€€€€€€€‰ÕÑ˜´àµÙ…±¥‘…Ñ”ˆè€ˆøôÔ¸À¸Èˆ(€€€€€ô°(€€€€€€‰Á••É•Á•¹‘•¹¥•Í5•Ñ„ˆèì(€€€€€€€€‰‰Õ™™•ÉÕÑ¥°ˆèì(€€€€€€€€€€‰½ÁÑ¥½¹…°ˆèÑÉÕ”(€€€€€€€ô°(€€€€€€€€‰ÕÑ˜´àµÙ…±¥‘…Ñ”ˆèì(€€€€€€€€€€‰½ÁÑ¥½¹…°ˆèÑÉÕ”(€€€€€€€ô(€€€€€ô(€€€ô°(€€€€‰¹½‘•}µ½‘Õ±•Ì½å½Õ ˆèì(€€€€€€‰Ù•ÉÍ¥½¸ˆè€ˆÐ¸Ä¸Àµ‰•Ñ„¸ÄÀˆ°(€€€€€€‰É•Í½±Ù•ˆè€‰¡ÑÑÁÌè¼½É•¥ÍÑÉä¹¹Áµ©Ì¹½Éœ½å½Õ ¼´½å½Õ ´Ð¸Ä¸Àµ‰•Ñ„¸ÄÀ¹Ñèˆ°(€€€€€€‰¥¹Ñ•É¥Ñäˆè€‰Í¡„ÔÄÈµÉ1™Y1ÑE¹•ÈÁ‘ØÅ½‘‘Yiµ-©(Ùå`ÙµLÑÁTàÉ5Ä½Ðå„Í1iDØÉÁ	0ÑU<­ÕYÉÙÑ]èÍiU0É!(½	aDôôˆ°(€€€€€€‰‘•ØˆèÑÉÕ”°(€€€€€€‰±¥•¹Í”ˆè€‰5%Pˆ°(€€€€€€‰‘•Á•¹‘•¹¥•Ìˆèì(€€€€€€€€‰Á½ÁÁ¥¹ÍÌ½½±½ÉÌˆè€‰xÐ¸Ä¸Ôˆ°(€€€€€€€€‰Á½ÁÁ¥¹ÍÌ½‘ÕµÁ•Èˆè€‰xÀ¸Ø¸Ðˆ°(€€€€€€€€‰ÍÁ••µ¡¥¡±¥¡Ð½½É”ˆè€‰xÄ¸È¸Üˆ°(€€€€€€€€‰½½­¥”ˆè€‰xÄ¸À¸Èˆ°(€€€€€€€€‰å½Õ µ½É”ˆè€‰xÀ¸Ì¸Ìˆ(€€€€€ô(€€€ô°(€€€€‰¹½‘•}µ½‘Õ±•Ì½å½Õ µ½É”ˆèì(€€€€€€‰Ù•ÉÍ¥½¸ˆè€ˆÀ¸Ì¸Ìˆ°(€€€€€€‰É•Í½±Ù•ˆè€‰¡ÑÑÁÌè¼½É•¥ÍÑÉä¹¹Áµ©Ì¹½Éœ½å½Õ µ½É”¼´½å½Õ µ½É”´À¸Ì¸Ì¹Ñèˆ°(€€€€€€‰¥¹Ñ•É¥Ñäˆè€‰Í¡„ÔÄÈµ¡¼ÝaÕ©1…(É¡]!½,áå¹ÍUäÉdÕÕÁÅMQÄÅ­!1,Ð½½Å-ÑåUTÅ‰==ádÑ%Áå˜Á™Q1©Ýe‰Í±UèÁA¼Õ	ÁÅÝÉôôˆ°(€€€€€€‰‘•ØˆèÑÉÕ”°(€€€€€€‰±¥•¹Í”ˆè€‰5%Pˆ°(€€€€€€‰‘•Á•¹‘•¹¥•Ìˆèì(€€€€€€€€‰Á½ÁÁ¥¹ÍÌ½•á•ÁÑ¥½¸ˆè€‰xÄ¸È¸Èˆ°(€€€€€€€€‰•ÉÉ½ÈµÍÑ…¬µÁ…ÉÍ•Èµ•Ìˆè€‰xÄ¸À¸Ôˆ(€€€€€ô(€€€ô°(€€€€‰¹½‘•}µ½‘Õ±•Ì½å½Õ ½¹½‘•}µ½‘Õ±•Ì½½½­¥”ˆèì(€€€€€€‰Ù•ÉÍ¥½¸ˆè€ˆÄ¸Ä¸Äˆ°(€€€€€€‰É•Í½±Ù•ˆè€‰¡ÑÑÁÌè¼½É•¥ÍÑÉä¹¹Áµ©Ì¹½Éœ½½½­¥”¼´½½½­¥”´Ä¸Ä¸Ä¹Ñèˆ°(€€€€€€‰¥¹Ñ•É¥Ñäˆè€‰Í¡„ÔÄÈµ•¤á½ÌÝ©„ÁÝ•IÁé)¹åU!(¼ÝaEµÅ±‰IÝ¹˜ÉQ©å]ÄàÜÑY- å­™©©¥É4ÙU¡TÈ½Õ™e…‘å±å¡±‘ÅM¥‘Dôôˆ°(€€€€€€‰‘•ØˆèÑÉÕ”°(€€€€€€‰±¥•¹Í”ˆè€‰5%Pˆ°(€€€€€€‰•¹¥¹•Ìˆèì(€€€€€€€€‰¹½‘”ˆè€ˆøôÄàˆ(€€€€€ô°(€€€€€€‰™Õ¹‘¥¹œˆèì(€€€€€€€€‰ÑåÁ”ˆè€‰½Á•¹½±±•Ñ¥Ù”ˆ°(€€€€€€€€‰ÕÉ°ˆè€‰¡ÑÑÁÌè¼½½Á•¹½±±•Ñ¥Ù”¹½´½•áÁÉ•ÍÌˆ(€€€€€ô(€€€ô(€ô)ô